
Microsoft Visual Studio Solution File, Format Version 12.00
# Visual Studio 2013
VisualStudioVersion = 12.0.21005.1
MinimumVisualStudioVersion = 10.0.40219.1
Project("{FAE04EC0-301F-11D3-BF4B-00C04F79EFBC}") = "AbstractFactory", "DesignPatterns\AbstractFactory.csproj", "{ED2BD90E-CDD4-472D-82DB-6E154D423426}"
EndProject
Project("{FAE04EC0-301F-11D3-BF4B-00C04F79EFBC}") = "Builder", "Builder\Builder.csproj", "{79A46444-8F0E-4CD9-AFA9-AB8B7A26C4AA}"
EndProject
Project("{FAE04EC0-301F-11D3-BF4B-00C04F79EFBC}") = "Factory", "Factor\Factory.csproj", "{5FC30B20-B099-4BF8-9AA3-36387F4D23F8}"
EndProject
Project("{FAE04EC0-301F-11D3-BF4B-00C04F79EFBC}") = "Prototype", "Prototype\Prototype.csproj", "{FCDE6944-3ED9-4E4A-B938-E7DE947D10FA}"
EndProject
Project("{FAE04EC0-301F-11D3-BF4B-00C04F79EFBC}") = "Singleton", "Singleton\Singleton.csproj", "{8D81C5AA-3910-4990-A5E8-455E68CBFB19}"
EndProject
Project("{FAE04EC0-301F-11D3-BF4B-00C04F79EFBC}") = "Adapter", "Adapter\Adapter.csproj", "{DECD48A0-1645-43EB-86A6-D841B1C1BA98}"
EndProject
Project("{FAE04EC0-301F-11D3-BF4B-00C04F79EFBC}") = "Bridge", "BridgePattern\Bridge.csproj", "{D9055035-790B-48C6-A95A-7F4F4964E0D2}"
EndProject
Project("{FAE04EC0-301F-11D3-BF4B-00C04F79EFBC}") = "Composite", "Composite\Composite.csproj", "{CC2EEDDE-D8CB-4EC6-908E-7AA24B855B5F}"
EndProject
Project("{FAE04EC0-301F-11D3-BF4B-00C04F79EFBC}") = "Decorator", "Decorator\Decorator.csproj", "{A01D1812-8B66-4AAA-9C70-3E201A49164C}"
EndProject
Project("{FAE04EC0-301F-11D3-BF4B-00C04F79EFBC}") = "Facade", "Facade\Facade.csproj", "{4DA8B900-B834-4E72-BA6E-589CFBE0BFD6}"
EndProject
Project("{FAE04EC0-301F-11D3-BF4B-00C04F79EFBC}") = "Flyweight", "Flyweight\Flyweight.csproj", "{17738181-72DA-4298-8B59-770DB120B4CE}"
EndProject
Project("{FAE04EC0-301F-11D3-BF4B-00C04F79EFBC}") = "Proxy", "Proxy\Proxy.csproj", "{9E15B00D-40F3-4206-B572-89B8BF38C92E}"
EndProject
Project("{FAE04EC0-301F-11D3-BF4B-00C04F79EFBC}") = "ChainOfResponibility", "ChainOfResponibility\ChainOfResponibility.csproj", "{D84769E6-8E86-4DF3-90AB-E4D85A22254D}"
EndProject
Project("{FAE04EC0-301F-11D3-BF4B-00C04F79EFBC}") = "Command", "Command\Command.csproj", "{9D9F3960-2D29-4880-AB7A-99C662EED59F}"
EndProject
Project("{FAE04EC0-301F-11D3-BF4B-00C04F79EFBC}") = "Interpreter", "Interpreter\Interpreter.csproj", "{B69AEAB8-836B-46C4-91EC-8CE5053F7511}"
EndProject
Global
	GlobalSection(SolutionConfigurationPlatforms) = preSolution
		Debug|Any CPU = Debug|Any CPU
		Release|Any CPU = Release|Any CPU
	EndGlobalSection
	GlobalSection(ProjectConfigurationPlatforms) = postSolution
		{ED2BD90E-CDD4-472D-82DB-6E154D423426}.Debug|Any CPU.ActiveCfg = Debug|Any CPU
		{ED2BD90E-CDD4-472D-82DB-6E154D423426}.Debug|Any CPU.Build.0 = Debug|Any CPU
		{ED2BD90E-CDD4-472D-82DB-6E154D423426}.Release|Any CPU.ActiveCfg = Release|Any CPU
		{ED2BD90E-CDD4-472D-82DB-6E154D423426}.Release|Any CPU.Build.0 = Release|Any CPU
		{79A46444-8F0E-4CD9-AFA9-AB8B7A26C4AA}.Debug|Any CPU.ActiveCfg = Debug|Any CPU
		{79A46444-8F0E-4CD9-AFA9-AB8B7A26C4AA}.Debug|Any CPU.Build.0 = Debug|Any CPU
		{79A46444-8F0E-4CD9-AFA9-AB8B7A26C4AA}.Release|Any CPU.ActiveCfg = Release|Any CPU
		{79A46444-8F0E-4CD9-AFA9-AB8B7A26C4AA}.Release|Any CPU.Build.0 = Release|Any CPU
		{5FC30B20-B099-4BF8-9AA3-36387F4D23F8}.Debug|Any CPU.ActiveCfg = Debug|Any CPU
		{5FC30B20-B099-4BF8-9AA3-36387F4D23F8}.Debug|Any CPU.Build.0 = Debug|Any CPU
		{5FC30B20-B099-4BF8-9AA3-36387F4D23F8}.Release|Any CPU.ActiveCfg = Release|Any CPU
		{5FC30B20-B099-4BF8-9AA3-36387F4D23F8}.Release|Any CPU.Build.0 = Release|Any CPU
		{FCDE6944-3ED9-4E4A-B938-E7DE947D10FA}.Debug|Any CPU.ActiveCfg = Debug|Any CPU
		{FCDE6944-3ED9-4E4A-B938-E7DE947D10FA}.Debug|Any CPU.Build.0 = Debug|Any CPU
		{FCDE6944-3ED9-4E4A-B938-E7DE947D10FA}.Release|Any CPU.ActiveCfg = Release|Any CPU
		{FCDE6944-3ED9-4E4A-B938-E7DE947D10FA}.Release|Any CPU.Build.0 = Release|Any CPU
		{8D81C5AA-3910-4990-A5E8-455E68CBFB19}.Debug|Any CPU.ActiveCfg = Debug|Any CPU
		{8D81C5AA-3910-4990-A5E8-455E68CBFB19}.Debug|Any CPU.Build.0 = Debug|Any CPU
		{8D81C5AA-3910-4990-A5E8-455E68CBFB19}.Release|Any CPU.ActiveCfg = Release|Any CPU
		{8D81C5AA-3910-4990-A5E8-455E68CBFB19}.Release|Any CPU.Build.0 = Release|Any CPU
		{DECD48A0-1645-43EB-86A6-D841B1C1BA98}.Debug|Any CPU.ActiveCfg = Debug|Any CPU
		{DECD48A0-1645-43EB-86A6-D841B1C1BA98}.Debug|Any CPU.Build.0 = Debug|Any CPU
		{DECD48A0-1645-43EB-86A6-D841B1C1BA98}.Release|Any CPU.ActiveCfg = Release|Any CPU
		{DECD48A0-1645-43EB-86A6-D841B1C1BA98}.Release|Any CPU.Build.0 = Release|Any CPU
		{D9055035-790B-48C6-A95A-7F4F4964E0D2}.Debug|Any CPU.ActiveCfg = Debug|Any CPU
		{D9055035-790B-48C6-A95A-7F4F4964E0D2}.Debug|Any CPU.Build.0 = Debug|Any CPU
		{D9055035-790B-48C6-A95A-7F4F4964E0D2}.Release|Any CPU.ActiveCfg = Release|Any CPU
		{D9055035-790B-48C6-A95A-7F4F4964E0D2}.Release|Any CPU.Build.0 = Release|Any CPU
		{CC2EEDDE-D8CB-4EC6-908E-7AA24B855B5F}.Debug|Any CPU.ActiveCfg = Debug|Any CPU
		{CC2EEDDE-D8CB-4EC6-908E-7AA24B855B5F}.Debug|Any CPU.Build.0 = Debug|Any CPU
		{CC2EEDDE-D8CB-4EC6-908E-7AA24B855B5F}.Release|Any CPU.ActiveCfg = Release|Any CPU
		{CC2EEDDE-D8CB-4EC6-908E-7AA24B855B5F}.Release|Any CPU.Build.0 = Release|Any CPU
		{A01D1812-8B66-4AAA-9C70-3E201A49164C}.Debug|Any CPU.ActiveCfg = Debug|Any CPU
		{A01D1812-8B66-4AAA-9C70-3E201A49164C}.Debug|Any CPU.Build.0 = Debug|Any CPU
		{A01D1812-8B66-4AAA-9C70-3E201A49164C}.Release|Any CPU.ActiveCfg = Release|Any CPU
		{A01D1812-8B66-4AAA-9C70-3E201A49164C}.Release|Any CPU.Build.0 = Release|Any CPU
		{4DA8B900-B834-4E72-BA6E-589CFBE0BFD6}.Debug|Any CPU.ActiveCfg = Debug|Any CPU
		{4DA8B900-B834-4E72-BA6E-589CFBE0BFD6}.Debug|Any CPU.Build.0 = Debug|Any CPU
		{4DA8B900-B834-4E72-BA6E-589CFBE0BFD6}.Release|Any CPU.ActiveCfg = Release|Any CPU
		{4DA8B900-B834-4E72-BA6E-589CFBE0BFD6}.Release|Any CPU.Build.0 = Release|Any CPU
		{17738181-72DA-4298-8B59-770DB120B4CE}.Debug|Any CPU.ActiveCfg = Debug|Any CPU
		{17738181-72DA-4298-8B59-770DB120B4CE}.Debug|Any CPU.Build.0 = Debug|Any CPU
		{17738181-72DA-4298-8B59-770DB120B4CE}.Release|Any CPU.ActiveCfg = Release|Any CPU
		{17738181-72DA-4298-8B59-770DB120B4CE}.Release|Any CPU.Build.0 = Release|Any CPU
		{9E15B00D-40F3-4206-B572-89B8BF38C92E}.Debug|Any CPU.ActiveCfg = Debug|Any CPU
		{9E15B00D-40F3-4206-B572-89B8BF38C92E}.Debug|Any CPU.Build.0 = Debug|Any CPU
		{9E15B00D-40F3-4206-B572-89B8BF38C92E}.Release|Any CPU.ActiveCfg = Release|Any CPU
		{9E15B00D-40F3-4206-B572-89B8BF38C92E}.Release|Any CPU.Build.0 = Release|Any CPU
		{D84769E6-8E86-4DF3-90AB-E4D85A22254D}.Debug|Any CPU.ActiveCfg = Debug|Any CPU
		{D84769E6-8E86-4DF3-90AB-E4D85A22254D}.Debug|Any CPU.Build.0 = Debug|Any CPU
		{D84769E6-8E86-4DF3-90AB-E4D85A22254D}.Release|Any CPU.ActiveCfg = Release|Any CPU
		{D84769E6-8E86-4DF3-90AB-E4D85A22254D}.Release|Any CPU.Build.0 = Release|Any CPU
		{9D9F3960-2D29-4880-AB7A-99C662EED59F}.Debug|Any CPU.ActiveCfg = Debug|Any CPU
		{9D9F3960-2D29-4880-AB7A-99C662EED59F}.Debug|Any CPU.Build.0 = Debug|Any CPU
		{9D9F3960-2D29-4880-AB7A-99C662EED59F}.Release|Any CPU.ActiveCfg = Release|Any CPU
		{9D9F3960-2D29-4880-AB7A-99C662EED59F}.Release|Any CPU.Build.0 = Release|Any CPU
		{B69AEAB8-836B-46C4-91EC-8CE5053F7511}.Debug|Any CPU.ActiveCfg = Debug|Any CPU
		{B69AEAB8-836B-46C4-91EC-8CE5053F7511}.Debug|Any CPU.Build.0 = Debug|Any CPU
		{B69AEAB8-836B-46C4-91EC-8CE5053F7511}.Release|Any CPU.ActiveCfg = Release|Any CPU
		{B69AEAB8-836B-46C4-91EC-8CE5053F7511}.Release|Any CPU.Build.0 = Release|Any CPU
	EndGlobalSection
	GlobalSection(SolutionProperties) = preSolution
		HideSolutionNode = FALSE
	EndGlobalSection
EndGlobal
